// !$*UTF8*$!
{
	archiveVersion = 1;
	classes = {
	};
	objectVersion = 55;
	objects = {

/* Begin PBXBuildFile section */
		99662095272557FF00ECE5C7 /* EmbeddedPropertyList in Frameworks */ = {isa = PBXBuildFile; productRef = 99662094272557FF00ECE5C7 /* EmbeddedPropertyList */; };
		996620972725580A00ECE5C7 /* EmbeddedPropertyList in Frameworks */ = {isa = PBXBuildFile; productRef = 996620962725580A00ECE5C7 /* EmbeddedPropertyList */; };
		99A67B332723B2D200F7D92D /* SecureXPC in Frameworks */ = {isa = PBXBuildFile; productRef = 99A67B322723B2D200F7D92D /* SecureXPC */; };
		99A67B392723B2FC00F7D92D /* Blessed in Frameworks */ = {isa = PBXBuildFile; productRef = 99A67B382723B2FC00F7D92D /* Blessed */; };
		99A67B3C2723B30800F7D92D /* Blessed in Frameworks */ = {isa = PBXBuildFile; productRef = 99A67B3B2723B30800F7D92D /* Blessed */; };
		99A67B3E2723B30D00F7D92D /* SecureXPC in Frameworks */ = {isa = PBXBuildFile; productRef = 99A67B3D2723B30D00F7D92D /* SecureXPC */; };
		99A67B4827240DB100F7D92D /* HelperToolMonitor.swift in Sources */ = {isa = PBXBuildFile; fileRef = 99A67B4727240DB100F7D92D /* HelperToolMonitor.swift */; };
		99A67B4A2724111200F7D92D /* HelperToolLaunchdPropertyList.swift in Sources */ = {isa = PBXBuildFile; fileRef = 99A67B492724111200F7D92D /* HelperToolLaunchdPropertyList.swift */; };
		99A67B4B2724111200F7D92D /* HelperToolLaunchdPropertyList.swift in Sources */ = {isa = PBXBuildFile; fileRef = 99A67B492724111200F7D92D /* HelperToolLaunchdPropertyList.swift */; };
		99A67B4D2724125200F7D92D /* HelperToolInfoPropertyList.swift in Sources */ = {isa = PBXBuildFile; fileRef = 99A67B4C2724125200F7D92D /* HelperToolInfoPropertyList.swift */; };
		99A67B4E2724125200F7D92D /* HelperToolInfoPropertyList.swift in Sources */ = {isa = PBXBuildFile; fileRef = 99A67B4C2724125200F7D92D /* HelperToolInfoPropertyList.swift */; };
		99A67B502724134800F7D92D /* SharedConstants.swift in Sources */ = {isa = PBXBuildFile; fileRef = 99A67B4F2724134800F7D92D /* SharedConstants.swift */; };
		99A67B512724134800F7D92D /* SharedConstants.swift in Sources */ = {isa = PBXBuildFile; fileRef = 99A67B4F2724134800F7D92D /* SharedConstants.swift */; };
		99A67B53272439E400F7D92D /* AllowedCommand.swift in Sources */ = {isa = PBXBuildFile; fileRef = 99A67B52272439E400F7D92D /* AllowedCommand.swift */; };
		99A67B54272439E400F7D92D /* AllowedCommand.swift in Sources */ = {isa = PBXBuildFile; fileRef = 99A67B52272439E400F7D92D /* AllowedCommand.swift */; };
		99A67B5627243F6E00F7D92D /* Uninstaller.swift in Sources */ = {isa = PBXBuildFile; fileRef = 99A67B5527243F6E00F7D92D /* Uninstaller.swift */; };
		99A67B5827243FD800F7D92D /* CodeInfo.swift in Sources */ = {isa = PBXBuildFile; fileRef = 99A67B5727243FD800F7D92D /* CodeInfo.swift */; };
		99A67B5A2724413300F7D92D /* AllowedCommandRunner.swift in Sources */ = {isa = PBXBuildFile; fileRef = 99A67B592724413300F7D92D /* AllowedCommandRunner.swift */; };
		99A67B5C2724416C00F7D92D /* Updater.swift in Sources */ = {isa = PBXBuildFile; fileRef = 99A67B5B2724416C00F7D92D /* Updater.swift */; };
		99F409CF27216B210010500C /* AppDelegate.swift in Sources */ = {isa = PBXBuildFile; fileRef = 99F409CE27216B210010500C /* AppDelegate.swift */; };
		99F409D127216B210010500C /* ViewController.swift in Sources */ = {isa = PBXBuildFile; fileRef = 99F409D027216B210010500C /* ViewController.swift */; };
		99F409D327216B230010500C /* Assets.xcassets in Resources */ = {isa = PBXBuildFile; fileRef = 99F409D227216B230010500C /* Assets.xcassets */; };
		99F409D627216B230010500C /* Main.storyboard in Resources */ = {isa = PBXBuildFile; fileRef = 99F409D427216B230010500C /* Main.storyboard */; };
		99F409E427216BFF0010500C /* main.swift in Sources */ = {isa = PBXBuildFile; fileRef = 99F409E327216BFF0010500C /* main.swift */; };
		99F409FA272308C50010500C /* com.example.SwiftAuthorizationApp.helper in CopyFiles */ = {isa = PBXBuildFile; fileRef = 99F409E127216BFF0010500C /* com.example.SwiftAuthorizationApp.helper */; settings = {ATTRIBUTES = (CodeSignOnCopy, ); }; };
/* End PBXBuildFile section */

/* Begin PBXCopyFilesBuildPhase section */
		99F409DF27216BFF0010500C /* CopyFiles */ = {
			isa = PBXCopyFilesBuildPhase;
			buildActionMask = 2147483647;
			dstPath = /usr/share/man/man1/;
			dstSubfolderSpec = 0;
			files = (
			);
			runOnlyForDeploymentPostprocessing = 1;
		};
		99F409F32723044C0010500C /* CopyFiles */ = {
			isa = PBXCopyFilesBuildPhase;
			buildActionMask = 2147483647;
			dstPath = Contents/Library/LaunchServices;
			dstSubfolderSpec = 1;
			files = (
				99F409FA272308C50010500C /* com.example.SwiftAuthorizationApp.helper in CopyFiles */,
			);
			runOnlyForDeploymentPostprocessing = 0;
		};
/* End PBXCopyFilesBuildPhase section */

/* Begin PBXFileReference section */
		99A67B4727240DB100F7D92D /* HelperToolMonitor.swift */ = {isa = PBXFileReference; lastKnownFileType = sourcecode.swift; path = HelperToolMonitor.swift; sourceTree = "<group>"; };
		99A67B492724111200F7D92D /* HelperToolLaunchdPropertyList.swift */ = {isa = PBXFileReference; lastKnownFileType = sourcecode.swift; path = HelperToolLaunchdPropertyList.swift; sourceTree = "<group>"; };
		99A67B4C2724125200F7D92D /* HelperToolInfoPropertyList.swift */ = {isa = PBXFileReference; lastKnownFileType = sourcecode.swift; path = HelperToolInfoPropertyList.swift; sourceTree = "<group>"; };
		99A67B4F2724134800F7D92D /* SharedConstants.swift */ = {isa = PBXFileReference; lastKnownFileType = sourcecode.swift; path = SharedConstants.swift; sourceTree = "<group>"; };
		99A67B52272439E400F7D92D /* AllowedCommand.swift */ = {isa = PBXFileReference; lastKnownFileType = sourcecode.swift; path = AllowedCommand.swift; sourceTree = "<group>"; };
		99A67B5527243F6E00F7D92D /* Uninstaller.swift */ = {isa = PBXFileReference; lastKnownFileType = sourcecode.swift; path = Uninstaller.swift; sourceTree = "<group>"; };
		99A67B5727243FD800F7D92D /* CodeInfo.swift */ = {isa = PBXFileReference; lastKnownFileType = sourcecode.swift; path = CodeInfo.swift; sourceTree = "<group>"; };
		99A67B592724413300F7D92D /* AllowedCommandRunner.swift */ = {isa = PBXFileReference; lastKnownFileType = sourcecode.swift; path = AllowedCommandRunner.swift; sourceTree = "<group>"; };
		99A67B5B2724416C00F7D92D /* Updater.swift */ = {isa = PBXFileReference; lastKnownFileType = sourcecode.swift; path = Updater.swift; sourceTree = "<group>"; };
		99F409CB27216B210010500C /* SwiftAuthorizationApp.app */ = {isa = PBXFileReference; explicitFileType = wrapper.application; includeInIndex = 0; path = SwiftAuthorizationApp.app; sourceTree = BUILT_PRODUCTS_DIR; };
		99F409CE27216B210010500C /* AppDelegate.swift */ = {isa = PBXFileReference; lastKnownFileType = sourcecode.swift; path = AppDelegate.swift; sourceTree = "<group>"; };
		99F409D027216B210010500C /* ViewController.swift */ = {isa = PBXFileReference; lastKnownFileType = sourcecode.swift; path = ViewController.swift; sourceTree = "<group>"; };
		99F409D227216B230010500C /* Assets.xcassets */ = {isa = PBXFileReference; lastKnownFileType = folder.assetcatalog; path = Assets.xcassets; sourceTree = "<group>"; };
		99F409D527216B230010500C /* Base */ = {isa = PBXFileReference; lastKnownFileType = file.storyboard; name = Base; path = Base.lproj/Main.storyboard; sourceTree = "<group>"; };
		99F409E127216BFF0010500C /* com.example.SwiftAuthorizationApp.helper */ = {isa = PBXFileReference; explicitFileType = "compiled.mach-o.executable"; includeInIndex = 0; path = com.example.SwiftAuthorizationApp.helper; sourceTree = BUILT_PRODUCTS_DIR; };
		99F409E327216BFF0010500C /* main.swift */ = {isa = PBXFileReference; lastKnownFileType = sourcecode.swift; path = main.swift; sourceTree = "<group>"; };
		99F409E827216CD10010500C /* README.md */ = {isa = PBXFileReference; lastKnownFileType = net.daringfireball.markdown; path = README.md; sourceTree = "<group>"; };
		99F409EA2722FBA10010500C /* Config.xcconfig */ = {isa = PBXFileReference; lastKnownFileType = text.xcconfig; path = Config.xcconfig; sourceTree = "<group>"; };
		99F409EB2722FC670010500C /* AppConfig.xcconfig */ = {isa = PBXFileReference; lastKnownFileType = text.xcconfig; path = AppConfig.xcconfig; sourceTree = "<group>"; };
		99F409EC2722FD0C0010500C /* HelperToolConfig.xcconfig */ = {isa = PBXFileReference; lastKnownFileType = text.xcconfig; path = HelperToolConfig.xcconfig; sourceTree = "<group>"; };
		99F409EE272300EB0010500C /* PropertyListModifier.swift */ = {isa = PBXFileReference; lastKnownFileType = sourcecode.swift; path = PropertyListModifier.swift; sourceTree = "<group>"; };
		99F409F6272304B20010500C /* Info.plist */ = {isa = PBXFileReference; lastKnownFileType = text.plist.xml; path = Info.plist; sourceTree = "<group>"; };
/* End PBXFileReference section */

/* Begin PBXFrameworksBuildPhase section */
		99F409C827216B210010500C /* Frameworks */ = {
			isa = PBXFrameworksBuildPhase;
			buildActionMask = 2147483647;
			files = (
				99A67B392723B2FC00F7D92D /* Blessed in Frameworks */,
				99A67B332723B2D200F7D92D /* SecureXPC in Frameworks */,
				99662095272557FF00ECE5C7 /* EmbeddedPropertyList in Frameworks */,
			);
			runOnlyForDeploymentPostprocessing = 0;
		};
		99F409DE27216BFF0010500C /* Frameworks */ = {
			isa = PBXFrameworksBuildPhase;
			buildActionMask = 2147483647;
			files = (
				99A67B3C2723B30800F7D92D /* Blessed in Frameworks */,
				99A67B3E2723B30D00F7D92D /* SecureXPC in Frameworks */,
				996620972725580A00ECE5C7 /* EmbeddedPropertyList in Frameworks */,
			);
			runOnlyForDeploymentPostprocessing = 0;
		};
/* End PBXFrameworksBuildPhase section */

/* Begin PBXGroup section */
		99A67B3A2723B30800F7D92D /* Frameworks */ = {
			isa = PBXGroup;
			children = (
			);
			name = Frameworks;
			sourceTree = "<group>";
		};
		99F409C227216B210010500C = {
			isa = PBXGroup;
			children = (
				99F409E827216CD10010500C /* README.md */,
				99F409EA2722FBA10010500C /* Config.xcconfig */,
				99F409F52723049E0010500C /* Shared */,
				99F409CD27216B210010500C /* SwiftAuthorizationApp */,
				99F409E227216BFF0010500C /* SwiftAuthorizationHelperTool */,
				99F409ED272300910010500C /* BuildScripts */,
				99F409CC27216B210010500C /* Products */,
				99A67B3A2723B30800F7D92D /* Frameworks */,
			);
			sourceTree = "<group>";
		};
		99F409CC27216B210010500C /* Products */ = {
			isa = PBXGroup;
			children = (
				99F409CB27216B210010500C /* SwiftAuthorizationApp.app */,
				99F409E127216BFF0010500C /* com.example.SwiftAuthorizationApp.helper */,
			);
			name = Products;
			sourceTree = "<group>";
		};
		99F409CD27216B210010500C /* SwiftAuthorizationApp */ = {
			isa = PBXGroup;
			children = (
				99F409EB2722FC670010500C /* AppConfig.xcconfig */,
				99F409CE27216B210010500C /* AppDelegate.swift */,
				99A67B4727240DB100F7D92D /* HelperToolMonitor.swift */,
				99F409D027216B210010500C /* ViewController.swift */,
				99F409D427216B230010500C /* Main.storyboard */,
				99F409D227216B230010500C /* Assets.xcassets */,
			);
			path = SwiftAuthorizationApp;
			sourceTree = "<group>";
		};
		99F409E227216BFF0010500C /* SwiftAuthorizationHelperTool */ = {
			isa = PBXGroup;
			children = (
				99F409EC2722FD0C0010500C /* HelperToolConfig.xcconfig */,
				99F409F6272304B20010500C /* Info.plist */,
				99F409E327216BFF0010500C /* main.swift */,
				99A67B5527243F6E00F7D92D /* Uninstaller.swift */,
				99A67B5B2724416C00F7D92D /* Updater.swift */,
				99A67B5727243FD800F7D92D /* CodeInfo.swift */,
				99A67B592724413300F7D92D /* AllowedCommandRunner.swift */,
			);
			path = SwiftAuthorizationHelperTool;
			sourceTree = "<group>";
		};
		99F409ED272300910010500C /* BuildScripts */ = {
			isa = PBXGroup;
			children = (
				99F409EE272300EB0010500C /* PropertyListModifier.swift */,
			);
			path = BuildScripts;
			sourceTree = "<group>";
		};
		99F409F52723049E0010500C /* Shared */ = {
			isa = PBXGroup;
			children = (
				99A67B52272439E400F7D92D /* AllowedCommand.swift */,
				99A67B4F2724134800F7D92D /* SharedConstants.swift */,
				99A67B4C2724125200F7D92D /* HelperToolInfoPropertyList.swift */,
				99A67B492724111200F7D92D /* HelperToolLaunchdPropertyList.swift */,
			);
			path = Shared;
			sourceTree = "<group>";
		};
/* End PBXGroup section */

/* Begin PBXNativeTarget section */
		99F409CA27216B210010500C /* SwiftAuthorizationApp */ = {
			isa = PBXNativeTarget;
			buildConfigurationList = 99F409DA27216B230010500C /* Build configuration list for PBXNativeTarget "SwiftAuthorizationApp" */;
			buildPhases = (
				99F409EF2723039B0010500C /* ShellScript */,
				99F409C727216B210010500C /* Sources */,
				99F409C827216B210010500C /* Frameworks */,
				99F409C927216B210010500C /* Resources */,
				99F409F32723044C0010500C /* CopyFiles */,
				99F409F0272303D10010500C /* ShellScript */,
			);
			buildRules = (
			);
			dependencies = (
			);
			name = SwiftAuthorizationApp;
			packageProductDependencies = (
				99A67B322723B2D200F7D92D /* SecureXPC */,
				99A67B382723B2FC00F7D92D /* Blessed */,
				99662094272557FF00ECE5C7 /* EmbeddedPropertyList */,
			);
			productName = SwiftAuthorizationSample;
			productReference = 99F409CB27216B210010500C /* SwiftAuthorizationApp.app */;
			productType = "com.apple.product-type.application";
		};
		99F409E027216BFF0010500C /* SwiftAuthorizationHelperTool */ = {
			isa = PBXNativeTarget;
			buildConfigurationList = 99F409E527216BFF0010500C /* Build configuration list for PBXNativeTarget "SwiftAuthorizationHelperTool" */;
			buildPhases = (
				99F409F1272303E00010500C /* ShellScript */,
				99F409DD27216BFF0010500C /* Sources */,
				99F409DE27216BFF0010500C /* Frameworks */,
				99F409DF27216BFF0010500C /* CopyFiles */,
				99F409F2272303F20010500C /* ShellScript */,
			);
			buildRules = (
			);
			dependencies = (
			);
			name = SwiftAuthorizationHelperTool;
			packageProductDependencies = (
				99A67B3B2723B30800F7D92D /* Blessed */,
				99A67B3D2723B30D00F7D92D /* SecureXPC */,
				996620962725580A00ECE5C7 /* EmbeddedPropertyList */,
			);
			productName = SwiftAuthorizationHelper;
			productReference = 99F409E127216BFF0010500C /* com.example.SwiftAuthorizationApp.helper */;
			productType = "com.apple.product-type.tool";
		};
/* End PBXNativeTarget section */

/* Begin PBXProject section */
		99F409C327216B210010500C /* Project object */ = {
			isa = PBXProject;
			attributes = {
				BuildIndependentTargetsInParallel = 1;
				LastSwiftUpdateCheck = 1300;
				LastUpgradeCheck = 1300;
				TargetAttributes = {
					99F409CA27216B210010500C = {
						CreatedOnToolsVersion = 13.0;
					};
					99F409E027216BFF0010500C = {
						CreatedOnToolsVersion = 13.0;
					};
				};
			};
			buildConfigurationList = 99F409C627216B210010500C /* Build configuration list for PBXProject "SwiftAuthorizationSample" */;
			compatibilityVersion = "Xcode 13.0";
			developmentRegion = en;
			hasScannedForEncodings = 0;
			knownRegions = (
				en,
				Base,
			);
			mainGroup = 99F409C227216B210010500C;
			packageReferences = (
				99A67B312723B2D200F7D92D /* XCRemoteSwiftPackageReference "SecureXPC" */,
				99A67B372723B2FC00F7D92D /* XCRemoteSwiftPackageReference "Blessed" */,
				99662093272557FF00ECE5C7 /* XCRemoteSwiftPackageReference "EmbeddedPropertyList" */,
			);
			productRefGroup = 99F409CC27216B210010500C /* Products */;
			projectDirPath = "";
			projectRoot = "";
			targets = (
				99F409CA27216B210010500C /* SwiftAuthorizationApp */,
				99F409E027216BFF0010500C /* SwiftAuthorizationHelperTool */,
			);
		};
/* End PBXProject section */

/* Begin PBXResourcesBuildPhase section */
		99F409C927216B210010500C /* Resources */ = {
			isa = PBXResourcesBuildPhase;
			buildActionMask = 2147483647;
			files = (
				99F409D327216B230010500C /* Assets.xcassets in Resources */,
				99F409D627216B230010500C /* Main.storyboard in Resources */,
			);
			runOnlyForDeploymentPostprocessing = 0;
		};
/* End PBXResourcesBuildPhase section */

/* Begin PBXShellScriptBuildPhase section */
		99F409EF2723039B0010500C /* ShellScript */ = {
			isa = PBXShellScriptBuildPhase;
			buildActionMask = 2147483647;
			files = (
			);
			inputFileListPaths = (
			);
			inputPaths = (
			);
			outputFileListPaths = (
			);
			outputPaths = (
			);
			runOnlyForDeploymentPostprocessing = 0;
			shellPath = /bin/sh;
			shellScript = "\"${SRCROOT}\"/BuildScripts/PropertyListModifier.swift satisfy-job-bless-requirements\n";
		};
		99F409F0272303D10010500C /* ShellScript */ = {
			isa = PBXShellScriptBuildPhase;
			buildActionMask = 2147483647;
			files = (
			);
			inputFileListPaths = (
			);
			inputPaths = (
			);
			outputFileListPaths = (
			);
			outputPaths = (
			);
			runOnlyForDeploymentPostprocessing = 0;
			shellPath = /bin/sh;
			shellScript = "\"${SRCROOT}\"/BuildScripts/PropertyListModifier.swift cleanup-job-bless-requirements\n";
		};
		99F409F1272303E00010500C /* ShellScript */ = {
			isa = PBXShellScriptBuildPhase;
			buildActionMask = 2147483647;
			files = (
			);
			inputFileListPaths = (
			);
			inputPaths = (
			);
			outputFileListPaths = (
			);
			outputPaths = (
			);
			runOnlyForDeploymentPostprocessing = 0;
			shellPath = /bin/sh;
			shellScript = "\"${SRCROOT}\"/BuildScripts/PropertyListModifier.swift satisfy-job-bless-requirements specify-mach-services auto-increment-version\n\n";
		};
		99F409F2272303F20010500C /* ShellScript */ = {
			isa = PBXShellScriptBuildPhase;
			buildActionMask = 2147483647;
			files = (
			);
			inputFileListPaths = (
			);
			inputPaths = (
			);
			outputFileListPaths = (
			);
			outputPaths = (
			);
			runOnlyForDeploymentPostprocessing = 0;
			shellPath = /bin/sh;
			shellScript = "\"${SRCROOT}\"/BuildScripts/PropertyListModifier.swift cleanup-job-bless-requirements cleanup-mach-services\n";
		};
/* End PBXShellScriptBuildPhase section */

/* Begin PBXSourcesBuildPhase section */
		99F409C727216B210010500C /* Sources */ = {
			isa = PBXSourcesBuildPhase;
			buildActionMask = 2147483647;
			files = (
				99A67B4A2724111200F7D92D /* HelperToolLaunchdPropertyList.swift in Sources */,
				99F409D127216B210010500C /* ViewController.swift in Sources */,
				99F409CF27216B210010500C /* AppDelegate.swift in Sources */,
				99A67B53272439E400F7D92D /* AllowedCommand.swift in Sources */,
				99A67B4D2724125200F7D92D /* HelperToolInfoPropertyList.swift in Sources */,
				99A67B502724134800F7D92D /* SharedConstants.swift in Sources */,
				99A67B4827240DB100F7D92D /* HelperToolMonitor.swift in Sources */,
			);
			runOnlyForDeploymentPostprocessing = 0;
		};
		99F409DD27216BFF0010500C /* Sources */ = {
			isa = PBXSourcesBuildPhase;
			buildActionMask = 2147483647;
			files = (
				99A67B512724134800F7D92D /* SharedConstants.swift in Sources */,
				99A67B5627243F6E00F7D92D /* Uninstaller.swift in Sources */,
				99A67B4B2724111200F7D92D /* HelperToolLaunchdPropertyList.swift in Sources */,
				99A67B54272439E400F7D92D /* AllowedCommand.swift in Sources */,
				99A67B4E2724125200F7D92D /* HelperToolInfoPropertyList.swift in Sources */,
				99A67B5C2724416C00F7D92D /* Updater.swift in Sources */,
				99A67B5827243FD800F7D92D /* CodeInfo.swift in Sources */,
				99A67B5A2724413300F7D92D /* AllowedCommandRunner.swift in Sources */,
				99F409E427216BFF0010500C /* main.swift in Sources */,
			);
			runOnlyForDeploymentPostprocessing = 0;
		};
/* End PBXSourcesBuildPhase section */

/* Begin PBXVariantGroup section */
		99F409D427216B230010500C /* Main.storyboard */ = {
			isa = PBXVariantGroup;
			children = (
				99F409D527216B230010500C /* Base */,
			);
			name = Main.storyboard;
			sourceTree = "<group>";
		};
/* End PBXVariantGroup section */

/* Begin XCBuildConfiguration section */
		99F409D827216B230010500C /* Debug */ = {
			isa = XCBuildConfiguration;
			baseConfigurationReference = 99F409EA2722FBA10010500C /* Config.xcconfig */;
			buildSettings = {
				ALWAYS_SEARCH_USER_PATHS = NO;
				CLANG_ANALYZER_NONNULL = YES;
				CLANG_ANALYZER_NUMBER_OBJECT_CONVERSION = YES_AGGRESSIVE;
				CLANG_CXX_LANGUAGE_STANDARD = "gnu++17";
				CLANG_CXX_LIBRARY = "libc++";
				CLANG_ENABLE_MODULES = YES;
				CLANG_ENABLE_OBJC_ARC = YES;
				CLANG_ENABLE_OBJC_WEAK = YES;
				CLANG_WARN_BLOCK_CAPTURE_AUTORELEASING = YES;
				CLANG_WARN_BOOL_CONVERSION = YES;
				CLANG_WARN_COMMA = YES;
				CLANG_WARN_CONSTANT_CONVERSION = YES;
				CLANG_WARN_DEPRECATED_OBJC_IMPLEMENTATIONS = YES;
				CLANG_WARN_DIRECT_OBJC_ISA_USAGE = YES_ERROR;
				CLANG_WARN_DOCUMENTATION_COMMENTS = YES;
				CLANG_WARN_EMPTY_BODY = YES;
				CLANG_WARN_ENUM_CONVERSION = YES;
				CLANG_WARN_INFINITE_RECURSION = YES;
				CLANG_WARN_INT_CONVERSION = YES;
				CLANG_WARN_NON_LITERAL_NULL_CONVERSION = YES;
				CLANG_WARN_OBJC_IMPLICIT_RETAIN_SELF = YES;
				CLANG_WARN_OBJC_LITERAL_CONVERSION = YES;
				CLANG_WARN_OBJC_ROOT_CLASS = YES_ERROR;
				CLANG_WARN_QUOTED_INCLUDE_IN_FRAMEWORK_HEADER = YES;
				CLANG_WARN_RANGE_LOOP_ANALYSIS = YES;
				CLANG_WARN_STRICT_PROTOTYPES = YES;
				CLANG_WARN_SUSPICIOUS_MOVE = YES;
				CLANG_WARN_UNGUARDED_AVAILABILITY = YES_AGGRESSIVE;
				CLANG_WARN_UNREACHABLE_CODE = YES;
				CLANG_WARN__DUPLICATE_METHOD_MATCH = YES;
				COPY_PHASE_STRIP = NO;
				DEBUG_INFORMATION_FORMAT = dwarf;
				ENABLE_STRICT_OBJC_MSGSEND = YES;
				ENABLE_TESTABILITY = YES;
				GCC_C_LANGUAGE_STANDARD = gnu11;
				GCC_DYNAMIC_NO_PIC = NO;
				GCC_NO_COMMON_BLOCKS = YES;
				GCC_OPTIMIZATION_LEVEL = 0;
				GCC_PREPROCESSOR_DEFINITIONS = (
					"DEBUG=1",
					"$(inherited)",
				);
				GCC_WARN_64_TO_32_BIT_CONVERSION = YES;
				GCC_WARN_ABOUT_RETURN_TYPE = YES_ERROR;
				GCC_WARN_UNDECLARED_SELECTOR = YES;
				GCC_WARN_UNINITIALIZED_AUTOS = YES_AGGRESSIVE;
				GCC_WARN_UNUSED_FUNCTION = YES;
				GCC_WARN_UNUSED_VARIABLE = YES;
				MTL_ENABLE_DEBUG_INFO = INCLUDE_SOURCE;
				MTL_FAST_MATH = YES;
				ONLY_ACTIVE_ARCH = YES;
				SDKROOT = macosx;
				SWIFT_ACTIVE_COMPILATION_CONDITIONS = DEBUG;
				SWIFT_OPTIMIZATION_LEVEL = "-Onone";
				SWIFT_VERSION = 5.0;
			};
			name = Debug;
		};
		99F409D927216B230010500C /* Release */ = {
			isa = XCBuildConfiguration;
			baseConfigurationReference = 99F409EA2722FBA10010500C /* Config.xcconfig */;
			buildSettings = {
				ALWAYS_SEARCH_USER_PATHS = NO;
				CLANG_ANALYZER_NONNULL = YES;
				CLANG_ANALYZER_NUMBER_OBJECT_CONVERSION = YES_AGGRESSIVE;
				CLANG_CXX_LANGUAGE_STANDARD = "gnu++17";
				CLANG_CXX_LIBRARY = "libc++";
				CLANG_ENABLE_MODULES = YES;
				CLANG_ENABLE_OBJC_ARC = YES;
				CLANG_ENABLE_OBJC_WEAK = YES;
				CLANG_WARN_BLOCK_CAPTURE_AUTORELEASING = YES;
				CLANG_WARN_BOOL_CONVERSION = YES;
				CLANG_WARN_COMMA = YES;
				CLANG_WARN_CONSTANT_CONVERSION = YES;
				CLANG_WARN_DEPRECATED_OBJC_IMPLEMENTATIONS = YES;
				CLANG_WARN_DIRECT_OBJC_ISA_USAGE = YES_ERROR;
				CLANG_WARN_DOCUMENTATION_COMMENTS = YES;
				CLANG_WARN_EMPTY_BODY = YES;
				CLANG_WARN_ENUM_CONVERSION = YES;
				CLANG_WARN_INFINITE_RECURSION = YES;
				CLANG_WARN_INT_CONVERSION = YES;
				CLANG_WARN_NON_LITERAL_NULL_CONVERSION = YES;
				CLANG_WARN_OBJC_IMPLICIT_RETAIN_SELF = YES;
				CLANG_WARN_OBJC_LITERAL_CONVERSION = YES;
				CLANG_WARN_OBJC_ROOT_CLASS = YES_ERROR;
				CLANG_WARN_QUOTED_INCLUDE_IN_FRAMEWORK_HEADER = YES;
				CLANG_WARN_RANGE_LOOP_ANALYSIS = YES;
				CLANG_WARN_STRICT_PROTOTYPES = YES;
				CLANG_WARN_SUSPICIOUS_MOVE = YES;
				CLANG_WARN_UNGUARDED_AVAILABILITY = YES_AGGRESSIVE;
				CLANG_WARN_UNREACHABLE_CODE = YES;
				CLANG_WARN__DUPLICATE_METHOD_MATCH = YES;
				COPY_PHASE_STRIP = NO;
				DEBUG_INFORMATION_FORMAT = "dwarf-with-dsym";
				ENABLE_NS_ASSERTIONS = NO;
				ENABLE_STRICT_OBJC_MSGSEND = YES;
				GCC_C_LANGUAGE_STANDARD = gnu11;
				GCC_NO_COMMON_BLOCKS = YES;
				GCC_WARN_64_TO_32_BIT_CONVERSION = YES;
				GCC_WARN_ABOUT_RETURN_TYPE = YES_ERROR;
				GCC_WARN_UNDECLARED_SELECTOR = YES;
				GCC_WARN_UNINITIALIZED_AUTOS = YES_AGGRESSIVE;
				GCC_WARN_UNUSED_FUNCTION = YES;
				GCC_WARN_UNUSED_VARIABLE = YES;
				MTL_ENABLE_DEBUG_INFO = NO;
				MTL_FAST_MATH = YES;
				SDKROOT = macosx;
				SWIFT_COMPILATION_MODE = wholemodule;
				SWIFT_OPTIMIZATION_LEVEL = "-O";
				SWIFT_VERSION = 5.0;
			};
			name = Release;
		};
		99F409DB27216B230010500C /* Debug */ = {
			isa = XCBuildConfiguration;
			baseConfigurationReference = 99F409EB2722FC670010500C /* AppConfig.xcconfig */;
			buildSettings = {
				CODE_SIGN_IDENTITY = "-";
				CODE_SIGN_STYLE = Automatic;
				DEVELOPMENT_TEAM = "";
				LD_RUNPATH_SEARCH_PATHS = (
					"$(inherited)",
					"@executable_path/../Frameworks",
				);
			};
			name = Debug;
		};
		99F409DC27216B230010500C /* Release */ = {
			isa = XCBuildConfiguration;
			baseConfigurationReference = 99F409EB2722FC670010500C /* AppConfig.xcconfig */;
			buildSettings = {
				CODE_SIGN_IDENTITY = "-";
				CODE_SIGN_STYLE = Automatic;
				DEVELOPMENT_TEAM = "";
				LD_RUNPATH_SEARCH_PATHS = (
					"$(inherited)",
					"@executable_path/../Frameworks",
				);
			};
			name = Release;
		};
		99F409E627216BFF0010500C /* Debug */ = {
			isa = XCBuildConfiguration;
			baseConfigurationReference = 99F409EC2722FD0C0010500C /* HelperToolConfig.xcconfig */;
			buildSettings = {
				CODE_SIGN_IDENTITY = "-";
				CODE_SIGN_STYLE = Automatic;
				DEVELOPMENT_TEAM = "";
			};
			name = Debug;
		};
		99F409E727216BFF0010500C /* Release */ = {
			isa = XCBuildConfiguration;
			baseConfigurationReference = 99F409EC2722FD0C0010500C /* HelperToolConfig.xcconfig */;
			buildSettings = {
				CODE_SIGN_IDENTITY = "-";
				CODE_SIGN_STYLE = Automatic;
				DEVELOPMENT_TEAM = "";
			};
			name = Release;
		};
/* End XCBuildConfiguration section */

/* Begin XCConfigurationList section */
		99F409C627216B210010500C /* Build configuration list for PBXProject "SwiftAuthorizationSample" */ = {
			isa = XCConfigurationList;
			buildConfigurations = (
				99F409D827216B230010500C /* Debug */,
				99F409D927216B230010500C /* Release */,
			);
			defaultConfigurationIsVisible = 0;
			defaultConfigurationName = Release;
		};
		99F409DA27216B230010500C /* Build configuration list for PBXNativeTarget "SwiftAuthorizationApp" */ = {
			isa = XCConfigurationList;
			buildConfigurations = (
				99F409DB27216B230010500C /* Debug */,
				99F409DC27216B230010500C /* Release */,
			);
			defaultConfigurationIsVisible = 0;
			defaultConfigurationName = Release;
		};
		99F409E527216BFF0010500C /* Build configuration list for PBXNativeTarget "SwiftAuthorizationHelperTool" */ = {
			isa = XCConfigurationList;
			buildConfigurations = (
				99F409E627216BFF0010500C /* Debug */,
				99F409E727216BFF0010500C /* Release */,
			);
			defaultConfigurationIsVisible = 0;
			defaultConfigurationName = Release;
		};
/* End XCConfigurationList section */

/* Begin XCRemoteSwiftPackageReference section */
		99662093272557FF00ECE5C7 /* XCRemoteSwiftPackageReference "EmbeddedPropertyList" */ = {
			isa = XCRemoteSwiftPackageReference;
			repositoryURL = "https://github.com/trilemma-dev/EmbeddedPropertyList";
			requirement = {
				kind = upToNextMajorVersion;
				minimumVersion = 1.0.0;
			};
		};
		99A67B312723B2D200F7D92D /* XCRemoteSwiftPackageReference "SecureXPC" */ = {
			isa = XCRemoteSwiftPackageReference;
			repositoryURL = "https://github.com/trilemma-dev/SecureXPC";
			requirement = {
				kind = upToNextMajorVersion;
				minimumVersion = 0.2.0;
			};
		};
		99A67B372723B2FC00F7D92D /* XCRemoteSwiftPackageReference "Blessed" */ = {
			isa = XCRemoteSwiftPackageReference;
			repositoryURL = "https://github.com/trilemma-dev/Blessed";
			requirement = {
				kind = upToNextMajorVersion;
				minimumVersion = 0.1.0;
			};
		};
/* End XCRemoteSwiftPackageReference section */

/* Begin XCSwiftPackageProductDependency section */
		99662094272557FF00ECE5C7 /* EmbeddedPropertyList */ = {
			isa = XCSwiftPackageProductDependency;
			package = 99662093272557FF00ECE5C7 /* XCRemoteSwiftPackageReference "EmbeddedPropertyList" */;
			productName = EmbeddedPropertyList;
		};
		996620962725580A00ECE5C7 /* EmbeddedPropertyList */ = {
			isa = XCSwiftPackageProductDependency;
			package = 99662093272557FF00ECE5C7 /* XCRemoteSwiftPackageReference "EmbeddedPropertyList" */;
			productName = EmbeddedPropertyList;
		};
		99A67B322723B2D200F7D92D /* SecureXPC */ = {
			isa = XCSwiftPackageProductDependency;
			package = 99A67B312723B2D200F7D92D /* XCRemoteSwiftPackageReference "SecureXPC" */;
			productName = SecureXPC;
		};
		99A67B382723B2FC00F7D92D /* Blessed */ = {
			isa = XCSwiftPackageProductDependency;
			package = 99A67B372723B2FC00F7D92D /* XCRemoteSwiftPackageReference "Blessed" */;
			productName = Blessed;
		};
		99A67B3B2723B30800F7D92D /* Blessed */ = {
			isa = XCSwiftPackageProductDependency;
			package = 99A67B372723B2FC00F7D92D /* XCRemoteSwiftPackageReference "Blessed" */;
			productName = Blessed;
		};
		99A67B3D2723B30D00F7D92D /* SecureXPC */ = {
			isa = XCSwiftPackageProductDependency;
			package = 99A67B312723B2D200F7D92D /* XCRemoteSwiftPackageReference "SecureXPC" */;
			productName = SecureXPC;
		};
/* End XCSwiftPackageProductDependency section */
	};
	rootObject = 99F409C327216B210010500C /* Project object */;
}
