{
  "object": {
    "pins": [
      {
        "package": "Blessed",
        "repositoryURL": "https://github.com/trilemma-dev/Blessed",
        "state": {
          "branch": null,
          "revision": "ef63245fc790152ec92a99b1f792f570c01a6769",
          "version": "0.2.0"
        }
      },
      {
        "package": "EmbeddedPropertyList",
        "repositoryURL": "https://github.com/trilemma-dev/EmbeddedPropertyList",
        "state": {
          "branch": null,
          "revision": "bc65bbba59436df38a6ce441d09b50d08f23e14c",
          "version": "2.0.1"
        }
      },
      {
        "package": "SecureXPC",
        "repositoryURL": "https://github.com/trilemma-dev/SecureXPC",
        "state": {
          "branch": null,
          "revision": "457212c348f6a8d5af22194728f8b928f20b0ea9",
          "version": "0.4.0"
        }
      }
    ]
  },
  "version": 1
}
