{
  "object": {
    "pins": [
      {
        "package": "Authorized",
        "repositoryURL": "https://github.com/trilemma-dev/Authorized",
        "state": {
          "branch": null,
          "revision": "e490b9d3f4a0e8b17a8b39b5a9750b8e0be7548a",
          "version": "1.0.0"
        }
      },
      {
        "package": "Blessed",
        "repositoryURL": "https://github.com/trilemma-dev/Blessed",
        "state": {
          "branch": null,
          "revision": "e7c730ea4bcd2df7b61f022dbd38c5cdc2c875de",
          "version": "0.6.0"
        }
      },
      {
        "package": "EmbeddedPropertyList",
        "repositoryURL": "https://github.com/trilemma-dev/EmbeddedPropertyList",
        "state": {
          "branch": null,
          "revision": "21bd832e28a9a66ecdb7b4c21910bb0487a22fe5",
          "version": "2.0.2"
        }
      },
      {
        "package": "Required",
        "repositoryURL": "https://github.com/trilemma-dev/Required.git",
        "state": {
          "branch": null,
          "revision": "82a4fbd388346ca40b1bbe815014dc45a75d503c",
          "version": "0.1.1"
        }
      },
      {
        "package": "SecureXPC",
        "repositoryURL": "https://github.com/trilemma-dev/SecureXPC",
        "state": {
          "branch": null,
          "revision": "d6e439e2b805de8be9b584fff97cf2f6a839a656",
          "version": "0.8.0"
        }
      }
    ]
  },
  "version": 1
}
